
Microsoft Visual Studio Solution File, Format Version 12.00
# Visual Studio Version 17
VisualStudioVersion = 17.4.33205.214
MinimumVisualStudioVersion = 10.0.40219.1
Project("{FAE04EC0-301F-11D3-BF4B-00C04F79EFBC}") = "Hortrainingsprogramm", "Hortrainingsprogramm\Hortrainingsprogramm.csproj", "{66A5ECEF-EFB2-47BC-A895-A632A50AEB4C}"
EndProject
Global
	GlobalSection(SolutionConfigurationPlatforms) = preSolution
		Debug|Any CPU = Debug|Any CPU
		Release|Any CPU = Release|Any CPU
	EndGlobalSection
	GlobalSection(ProjectConfigurationPlatforms) = postSolution
		{66A5ECEF-EFB2-47BC-A895-A632A50AEB4C}.Debug|Any CPU.ActiveCfg = Debug|Any CPU
		{66A5ECEF-EFB2-47BC-A895-A632A50AEB4C}.Debug|Any CPU.Build.0 = Debug|Any CPU
		{66A5ECEF-EFB2-47BC-A895-A632A50AEB4C}.Release|Any CPU.ActiveCfg = Release|Any CPU
		{66A5ECEF-EFB2-47BC-A895-A632A50AEB4C}.Release|Any CPU.Build.0 = Release|Any CPU
	EndGlobalSection
	GlobalSection(SolutionProperties) = preSolution
		HideSolutionNode = FALSE
	EndGlobalSection
	GlobalSection(ExtensibilityGlobals) = postSolution
		SolutionGuid = {E0576065-774C-4010-86D7-931F8A609BE3}
	EndGlobalSection
EndGlobal
